
Microsoft Visual Studio Solution File, Format Version 11.00
# Visual Studio 2010
Project("{FAE04EC0-301F-11D3-BF4B-00C04F79EFBC}") = "AvalonEdit.Sample", "AvalonEdit.Sample\AvalonEdit.Sample.csproj", "{13A5B497-BA12-45AE-9033-22620C3153FB}"
EndProject
Project("{FAE04EC0-301F-11D3-BF4B-00C04F79EFBC}") = "ICSharpCode.AvalonEdit", "ICSharpCode.AvalonEdit\ICSharpCode.AvalonEdit.csproj", "{6C55B776-26D4-4DB3-A6AB-87E783B2F3D1}"
EndProject
Project("{FAE04EC0-301F-11D3-BF4B-00C04F79EFBC}") = "ICSharpCode.AvalonEdit.Tests", "ICSharpCode.AvalonEdit.Tests\ICSharpCode.AvalonEdit.Tests.csproj", "{6222A3A1-83CE-47A3-A4E4-A018F82D44D8}"
EndProject
Project("{FAE04EC0-301F-11D3-BF4B-00C04F79EFBC}") = "PhysicsEngine", "PhysicsEngine\PhysicsEngine.csproj", "{7A1167ED-A9DC-4692-81BC-70C644854013}"
EndProject
Project("{FAE04EC0-301F-11D3-BF4B-00C04F79EFBC}") = "Numerics", "mathnetnumerics_b382b1690235\src\Numerics\Numerics.csproj", "{B7CAE5F4-A23F-4438-B5BE-41226618B695}"
EndProject
Project("{FAE04EC0-301F-11D3-BF4B-00C04F79EFBC}") = "BigRationalLibrary", "..\..\Third Party Source\Math\BigRational\BigRationalLibrary\BigRationalLibrary.csproj", "{C662CA62-196F-454F-B7C0-367E0BCDCAEC}"
EndProject
Project("{FAE04EC0-301F-11D3-BF4B-00C04F79EFBC}") = "Compiler", "Compiler\Compiler.csproj", "{2969C63F-538F-4E40-A96B-C2A946D01DEE}"
EndProject
Project("{FAE04EC0-301F-11D3-BF4B-00C04F79EFBC}") = "SystemLogging", "SystemLogging\SystemLogging.csproj", "{533AD38E-EB4B-4E48-8767-F4159ABA9011}"
EndProject
Global
	GlobalSection(SolutionConfigurationPlatforms) = preSolution
		Debug|Any CPU = Debug|Any CPU
		Debug|Mixed Platforms = Debug|Mixed Platforms
		Debug|x86 = Debug|x86
		Release|Any CPU = Release|Any CPU
		Release|Mixed Platforms = Release|Mixed Platforms
		Release|x86 = Release|x86
	EndGlobalSection
	GlobalSection(ProjectConfigurationPlatforms) = postSolution
		{13A5B497-BA12-45AE-9033-22620C3153FB}.Debug|Any CPU.ActiveCfg = Debug|x86
		{13A5B497-BA12-45AE-9033-22620C3153FB}.Debug|Any CPU.Build.0 = Debug|x86
		{13A5B497-BA12-45AE-9033-22620C3153FB}.Debug|Mixed Platforms.ActiveCfg = Debug|x86
		{13A5B497-BA12-45AE-9033-22620C3153FB}.Debug|Mixed Platforms.Build.0 = Debug|x86
		{13A5B497-BA12-45AE-9033-22620C3153FB}.Debug|x86.ActiveCfg = Debug|x86
		{13A5B497-BA12-45AE-9033-22620C3153FB}.Debug|x86.Build.0 = Debug|x86
		{13A5B497-BA12-45AE-9033-22620C3153FB}.Release|Any CPU.ActiveCfg = Release|x86
		{13A5B497-BA12-45AE-9033-22620C3153FB}.Release|Any CPU.Build.0 = Release|x86
		{13A5B497-BA12-45AE-9033-22620C3153FB}.Release|Mixed Platforms.ActiveCfg = Release|x86
		{13A5B497-BA12-45AE-9033-22620C3153FB}.Release|Mixed Platforms.Build.0 = Release|x86
		{13A5B497-BA12-45AE-9033-22620C3153FB}.Release|x86.ActiveCfg = Release|x86
		{13A5B497-BA12-45AE-9033-22620C3153FB}.Release|x86.Build.0 = Release|x86
		{6C55B776-26D4-4DB3-A6AB-87E783B2F3D1}.Debug|Any CPU.ActiveCfg = Debug|Any CPU
		{6C55B776-26D4-4DB3-A6AB-87E783B2F3D1}.Debug|Any CPU.Build.0 = Debug|Any CPU
		{6C55B776-26D4-4DB3-A6AB-87E783B2F3D1}.Debug|Mixed Platforms.ActiveCfg = Debug|Any CPU
		{6C55B776-26D4-4DB3-A6AB-87E783B2F3D1}.Debug|Mixed Platforms.Build.0 = Debug|Any CPU
		{6C55B776-26D4-4DB3-A6AB-87E783B2F3D1}.Debug|x86.ActiveCfg = Debug|Any CPU
		{6C55B776-26D4-4DB3-A6AB-87E783B2F3D1}.Release|Any CPU.ActiveCfg = Release|Any CPU
		{6C55B776-26D4-4DB3-A6AB-87E783B2F3D1}.Release|Any CPU.Build.0 = Release|Any CPU
		{6C55B776-26D4-4DB3-A6AB-87E783B2F3D1}.Release|Mixed Platforms.ActiveCfg = Release|Any CPU
		{6C55B776-26D4-4DB3-A6AB-87E783B2F3D1}.Release|Mixed Platforms.Build.0 = Release|Any CPU
		{6C55B776-26D4-4DB3-A6AB-87E783B2F3D1}.Release|x86.ActiveCfg = Release|Any CPU
		{6222A3A1-83CE-47A3-A4E4-A018F82D44D8}.Debug|Any CPU.ActiveCfg = Debug|Any CPU
		{6222A3A1-83CE-47A3-A4E4-A018F82D44D8}.Debug|Any CPU.Build.0 = Debug|Any CPU
		{6222A3A1-83CE-47A3-A4E4-A018F82D44D8}.Debug|Mixed Platforms.ActiveCfg = Debug|Any CPU
		{6222A3A1-83CE-47A3-A4E4-A018F82D44D8}.Debug|Mixed Platforms.Build.0 = Debug|Any CPU
		{6222A3A1-83CE-47A3-A4E4-A018F82D44D8}.Debug|x86.ActiveCfg = Debug|Any CPU
		{6222A3A1-83CE-47A3-A4E4-A018F82D44D8}.Release|Any CPU.ActiveCfg = Release|Any CPU
		{6222A3A1-83CE-47A3-A4E4-A018F82D44D8}.Release|Any CPU.Build.0 = Release|Any CPU
		{6222A3A1-83CE-47A3-A4E4-A018F82D44D8}.Release|Mixed Platforms.ActiveCfg = Release|Any CPU
		{6222A3A1-83CE-47A3-A4E4-A018F82D44D8}.Release|Mixed Platforms.Build.0 = Release|Any CPU
		{6222A3A1-83CE-47A3-A4E4-A018F82D44D8}.Release|x86.ActiveCfg = Release|Any CPU
		{7A1167ED-A9DC-4692-81BC-70C644854013}.Debug|Any CPU.ActiveCfg = Debug|x86
		{7A1167ED-A9DC-4692-81BC-70C644854013}.Debug|Mixed Platforms.ActiveCfg = Debug|x86
		{7A1167ED-A9DC-4692-81BC-70C644854013}.Debug|Mixed Platforms.Build.0 = Debug|x86
		{7A1167ED-A9DC-4692-81BC-70C644854013}.Debug|x86.ActiveCfg = Debug|x86
		{7A1167ED-A9DC-4692-81BC-70C644854013}.Debug|x86.Build.0 = Debug|x86
		{7A1167ED-A9DC-4692-81BC-70C644854013}.Release|Any CPU.ActiveCfg = Release|x86
		{7A1167ED-A9DC-4692-81BC-70C644854013}.Release|Mixed Platforms.ActiveCfg = Release|x86
		{7A1167ED-A9DC-4692-81BC-70C644854013}.Release|Mixed Platforms.Build.0 = Release|x86
		{7A1167ED-A9DC-4692-81BC-70C644854013}.Release|x86.ActiveCfg = Release|x86
		{7A1167ED-A9DC-4692-81BC-70C644854013}.Release|x86.Build.0 = Release|x86
		{B7CAE5F4-A23F-4438-B5BE-41226618B695}.Debug|Any CPU.ActiveCfg = Debug|Any CPU
		{B7CAE5F4-A23F-4438-B5BE-41226618B695}.Debug|Any CPU.Build.0 = Debug|Any CPU
		{B7CAE5F4-A23F-4438-B5BE-41226618B695}.Debug|Mixed Platforms.ActiveCfg = Debug|Any CPU
		{B7CAE5F4-A23F-4438-B5BE-41226618B695}.Debug|Mixed Platforms.Build.0 = Debug|Any CPU
		{B7CAE5F4-A23F-4438-B5BE-41226618B695}.Debug|x86.ActiveCfg = Debug|Any CPU
		{B7CAE5F4-A23F-4438-B5BE-41226618B695}.Release|Any CPU.ActiveCfg = Release|Any CPU
		{B7CAE5F4-A23F-4438-B5BE-41226618B695}.Release|Any CPU.Build.0 = Release|Any CPU
		{B7CAE5F4-A23F-4438-B5BE-41226618B695}.Release|Mixed Platforms.ActiveCfg = Release|Any CPU
		{B7CAE5F4-A23F-4438-B5BE-41226618B695}.Release|Mixed Platforms.Build.0 = Release|Any CPU
		{B7CAE5F4-A23F-4438-B5BE-41226618B695}.Release|x86.ActiveCfg = Release|Any CPU
		{C662CA62-196F-454F-B7C0-367E0BCDCAEC}.Debug|Any CPU.ActiveCfg = Debug|Any CPU
		{C662CA62-196F-454F-B7C0-367E0BCDCAEC}.Debug|Any CPU.Build.0 = Debug|Any CPU
		{C662CA62-196F-454F-B7C0-367E0BCDCAEC}.Debug|Mixed Platforms.ActiveCfg = Debug|Any CPU
		{C662CA62-196F-454F-B7C0-367E0BCDCAEC}.Debug|Mixed Platforms.Build.0 = Debug|Any CPU
		{C662CA62-196F-454F-B7C0-367E0BCDCAEC}.Debug|x86.ActiveCfg = Debug|Any CPU
		{C662CA62-196F-454F-B7C0-367E0BCDCAEC}.Release|Any CPU.ActiveCfg = Release|Any CPU
		{C662CA62-196F-454F-B7C0-367E0BCDCAEC}.Release|Any CPU.Build.0 = Release|Any CPU
		{C662CA62-196F-454F-B7C0-367E0BCDCAEC}.Release|Mixed Platforms.ActiveCfg = Release|Any CPU
		{C662CA62-196F-454F-B7C0-367E0BCDCAEC}.Release|Mixed Platforms.Build.0 = Release|Any CPU
		{C662CA62-196F-454F-B7C0-367E0BCDCAEC}.Release|x86.ActiveCfg = Release|Any CPU
		{2969C63F-538F-4E40-A96B-C2A946D01DEE}.Debug|Any CPU.ActiveCfg = Debug|Any CPU
		{2969C63F-538F-4E40-A96B-C2A946D01DEE}.Debug|Any CPU.Build.0 = Debug|Any CPU
		{2969C63F-538F-4E40-A96B-C2A946D01DEE}.Debug|Mixed Platforms.ActiveCfg = Debug|Any CPU
		{2969C63F-538F-4E40-A96B-C2A946D01DEE}.Debug|Mixed Platforms.Build.0 = Debug|Any CPU
		{2969C63F-538F-4E40-A96B-C2A946D01DEE}.Debug|x86.ActiveCfg = Debug|Any CPU
		{2969C63F-538F-4E40-A96B-C2A946D01DEE}.Release|Any CPU.ActiveCfg = Release|Any CPU
		{2969C63F-538F-4E40-A96B-C2A946D01DEE}.Release|Any CPU.Build.0 = Release|Any CPU
		{2969C63F-538F-4E40-A96B-C2A946D01DEE}.Release|Mixed Platforms.ActiveCfg = Release|Any CPU
		{2969C63F-538F-4E40-A96B-C2A946D01DEE}.Release|Mixed Platforms.Build.0 = Release|Any CPU
		{2969C63F-538F-4E40-A96B-C2A946D01DEE}.Release|x86.ActiveCfg = Release|Any CPU
		{533AD38E-EB4B-4E48-8767-F4159ABA9011}.Debug|Any CPU.ActiveCfg = Debug|Any CPU
		{533AD38E-EB4B-4E48-8767-F4159ABA9011}.Debug|Any CPU.Build.0 = Debug|Any CPU
		{533AD38E-EB4B-4E48-8767-F4159ABA9011}.Debug|Mixed Platforms.ActiveCfg = Debug|Any CPU
		{533AD38E-EB4B-4E48-8767-F4159ABA9011}.Debug|Mixed Platforms.Build.0 = Debug|Any CPU
		{533AD38E-EB4B-4E48-8767-F4159ABA9011}.Debug|x86.ActiveCfg = Debug|Any CPU
		{533AD38E-EB4B-4E48-8767-F4159ABA9011}.Release|Any CPU.ActiveCfg = Release|Any CPU
		{533AD38E-EB4B-4E48-8767-F4159ABA9011}.Release|Any CPU.Build.0 = Release|Any CPU
		{533AD38E-EB4B-4E48-8767-F4159ABA9011}.Release|Mixed Platforms.ActiveCfg = Release|Any CPU
		{533AD38E-EB4B-4E48-8767-F4159ABA9011}.Release|Mixed Platforms.Build.0 = Release|Any CPU
		{533AD38E-EB4B-4E48-8767-F4159ABA9011}.Release|x86.ActiveCfg = Release|Any CPU
	EndGlobalSection
	GlobalSection(SolutionProperties) = preSolution
		HideSolutionNode = FALSE
	EndGlobalSection
EndGlobal
